
Microsoft Visual Studio Solution File, Format Version 12.00
# Visual Studio Version 17
VisualStudioVersion = 17.0.31903.59
MinimumVisualStudioVersion = 10.0.40219.1
Project("{FAE04EC0-301F-11D3-BF4B-00C04F79EFBC}") = "MinimalApi", "src\MinimalApi.csproj", "{281AF94C-07D4-4ABF-9252-0649D7605BEB}"
EndProject
Project("{2150E333-8FDC-42A3-9474-1A3956D46DE8}") = "test", "test", "{30BDD587-C215-4810-A2EF-7613F911DB62}"
EndProject
Project("{FAE04EC0-301F-11D3-BF4B-00C04F79EFBC}") = "UnitTests", "test\UnitTests\UnitTests.csproj", "{3E5D208E-BD6A-46A9-A315-F9AB48CEC720}"
EndProject
Global
	GlobalSection(SolutionConfigurationPlatforms) = preSolution
		Debug|Any CPU = Debug|Any CPU
		Release|Any CPU = Release|Any CPU
	EndGlobalSection
	GlobalSection(SolutionProperties) = preSolution
		HideSolutionNode = FALSE
	EndGlobalSection
	GlobalSection(ProjectConfigurationPlatforms) = postSolution
		{281AF94C-07D4-4ABF-9252-0649D7605BEB}.Debug|Any CPU.ActiveCfg = Debug|Any CPU
		{281AF94C-07D4-4ABF-9252-0649D7605BEB}.Debug|Any CPU.Build.0 = Debug|Any CPU
		{281AF94C-07D4-4ABF-9252-0649D7605BEB}.Release|Any CPU.ActiveCfg = Release|Any CPU
		{281AF94C-07D4-4ABF-9252-0649D7605BEB}.Release|Any CPU.Build.0 = Release|Any CPU
		{3E5D208E-BD6A-46A9-A315-F9AB48CEC720}.Debug|Any CPU.ActiveCfg = Debug|Any CPU
		{3E5D208E-BD6A-46A9-A315-F9AB48CEC720}.Debug|Any CPU.Build.0 = Debug|Any CPU
		{3E5D208E-BD6A-46A9-A315-F9AB48CEC720}.Release|Any CPU.ActiveCfg = Release|Any CPU
		{3E5D208E-BD6A-46A9-A315-F9AB48CEC720}.Release|Any CPU.Build.0 = Release|Any CPU
	EndGlobalSection
	GlobalSection(NestedProjects) = preSolution
		{3E5D208E-BD6A-46A9-A315-F9AB48CEC720} = {30BDD587-C215-4810-A2EF-7613F911DB62}
	EndGlobalSection
EndGlobal
